
Microsoft Visual Studio Solution File, Format Version 12.00
# Visual Studio 14
VisualStudioVersion = 14.0.25420.1
MinimumVisualStudioVersion = 10.0.40219.1
Project("{FAE04EC0-301F-11D3-BF4B-00C04F79EFBC}") = "BroadcastComposerWeb", "..\..\Tam\Maestro\UI\BroadcastComposerWeb\BroadcastComposerWeb.csproj", "{2A781CE5-8B2F-4E9A-ABA8-0417228A2A3C}"
EndProject
Project("{FAE04EC0-301F-11D3-BF4B-00C04F79EFBC}") = "Services.Broadcast", "..\..\Tam\Maestro\Services\Broadcast\Services.Broadcast\Services.Broadcast.csproj", "{BA718C31-1F25-4DF1-A2AF-EEA92DA4DAB6}"
EndProject
Project("{FAE04EC0-301F-11D3-BF4B-00C04F79EFBC}") = "EntityFrameworkMapping.Broadcast", "..\..\Tam\Maestro\Data\EntityFrameworkMapping.Broadcast\EntityFrameworkMapping.Broadcast.csproj", "{9C9E22BD-7CF0-4095-BB1C-E8DCF7B678F7}"
EndProject
Project("{FAE04EC0-301F-11D3-BF4B-00C04F79EFBC}") = "EntityFrameworkMapping.BroadcastForecast", "..\..\Tam\Maestro\Data\EntityFrameworkMapping.BroadcastForecast\EntityFrameworkMapping.BroadcastForecast.csproj", "{2503840A-848E-4B7A-ADBB-F89430C1B45B}"
EndProject
Project("{FAE04EC0-301F-11D3-BF4B-00C04F79EFBC}") = "Services.Broadcast.IntegrationTests", "..\..\Tam\MaestroTests\SupportTests\Services.Broadcast.IntegrationTests\Services.Broadcast.IntegrationTests.csproj", "{4DDD974F-7D23-4E36-A5EF-07889CBDEEE0}"
EndProject
Project("{FAE04EC0-301F-11D3-BF4B-00C04F79EFBC}") = "WWTVData.Service", "WWTVData.Service\WWTVData.Service.csproj", "{7E826421-7DE6-403B-B8AF-F40A51BFB66E}"
EndProject
Global
	GlobalSection(SolutionConfigurationPlatforms) = preSolution
		BroadcastComposerWeb|Any CPU = BroadcastComposerWeb|Any CPU
		BroadcastComposerWeb|Mixed Platforms = BroadcastComposerWeb|Mixed Platforms
		BroadcastComposerWeb|x64 = BroadcastComposerWeb|x64
		BroadcastComposerWeb|x86 = BroadcastComposerWeb|x86
		CableTrackQA|Any CPU = CableTrackQA|Any CPU
		CableTrackQA|Mixed Platforms = CableTrackQA|Mixed Platforms
		CableTrackQA|x64 = CableTrackQA|x64
		CableTrackQA|x86 = CableTrackQA|x86
		Debug|Any CPU = Debug|Any CPU
		Debug|Mixed Platforms = Debug|Mixed Platforms
		Debug|x64 = Debug|x64
		Debug|x86 = Debug|x86
		IntegrationTests|Any CPU = IntegrationTests|Any CPU
		IntegrationTests|Mixed Platforms = IntegrationTests|Mixed Platforms
		IntegrationTests|x64 = IntegrationTests|x64
		IntegrationTests|x86 = IntegrationTests|x86
		QA|Any CPU = QA|Any CPU
		QA|Mixed Platforms = QA|Mixed Platforms
		QA|x64 = QA|x64
		QA|x86 = QA|x86
		QARelease|Any CPU = QARelease|Any CPU
		QARelease|Mixed Platforms = QARelease|Mixed Platforms
		QARelease|x64 = QARelease|x64
		QARelease|x86 = QARelease|x86
		Release|Any CPU = Release|Any CPU
		Release|Mixed Platforms = Release|Mixed Platforms
		Release|x64 = Release|x64
		Release|x86 = Release|x86
		ReleaseComposerWebQA|Any CPU = ReleaseComposerWebQA|Any CPU
		ReleaseComposerWebQA|Mixed Platforms = ReleaseComposerWebQA|Mixed Platforms
		ReleaseComposerWebQA|x64 = ReleaseComposerWebQA|x64
		ReleaseComposerWebQA|x86 = ReleaseComposerWebQA|x86
		ReportingWebQA|Any CPU = ReportingWebQA|Any CPU
		ReportingWebQA|Mixed Platforms = ReportingWebQA|Mixed Platforms
		ReportingWebQA|x64 = ReportingWebQA|x64
		ReportingWebQA|x86 = ReportingWebQA|x86
		TrafficComposerWebQA|Any CPU = TrafficComposerWebQA|Any CPU
		TrafficComposerWebQA|Mixed Platforms = TrafficComposerWebQA|Mixed Platforms
		TrafficComposerWebQA|x64 = TrafficComposerWebQA|x64
		TrafficComposerWebQA|x86 = TrafficComposerWebQA|x86
	EndGlobalSection
	GlobalSection(ProjectConfigurationPlatforms) = postSolution
		{2A781CE5-8B2F-4E9A-ABA8-0417228A2A3C}.BroadcastComposerWeb|Any CPU.ActiveCfg = BroadcastComposerWeb|Any CPU
		{2A781CE5-8B2F-4E9A-ABA8-0417228A2A3C}.BroadcastComposerWeb|Any CPU.Build.0 = BroadcastComposerWeb|Any CPU
		{2A781CE5-8B2F-4E9A-ABA8-0417228A2A3C}.BroadcastComposerWeb|Mixed Platforms.ActiveCfg = BroadcastComposerWeb|Any CPU
		{2A781CE5-8B2F-4E9A-ABA8-0417228A2A3C}.BroadcastComposerWeb|Mixed Platforms.Build.0 = BroadcastComposerWeb|Any CPU
		{2A781CE5-8B2F-4E9A-ABA8-0417228A2A3C}.BroadcastComposerWeb|x64.ActiveCfg = BroadcastComposerWeb|Any CPU
		{2A781CE5-8B2F-4E9A-ABA8-0417228A2A3C}.BroadcastComposerWeb|x64.Build.0 = BroadcastComposerWeb|Any CPU
		{2A781CE5-8B2F-4E9A-ABA8-0417228A2A3C}.BroadcastComposerWeb|x86.ActiveCfg = BroadcastComposerWeb|Any CPU
		{2A781CE5-8B2F-4E9A-ABA8-0417228A2A3C}.BroadcastComposerWeb|x86.Build.0 = BroadcastComposerWeb|Any CPU
		{2A781CE5-8B2F-4E9A-ABA8-0417228A2A3C}.CableTrackQA|Any CPU.ActiveCfg = CableTrackQA|Any CPU
		{2A781CE5-8B2F-4E9A-ABA8-0417228A2A3C}.CableTrackQA|Any CPU.Build.0 = CableTrackQA|Any CPU
		{2A781CE5-8B2F-4E9A-ABA8-0417228A2A3C}.CableTrackQA|Mixed Platforms.ActiveCfg = CableTrackQA|Any CPU
		{2A781CE5-8B2F-4E9A-ABA8-0417228A2A3C}.CableTrackQA|Mixed Platforms.Build.0 = CableTrackQA|Any CPU
		{2A781CE5-8B2F-4E9A-ABA8-0417228A2A3C}.CableTrackQA|x64.ActiveCfg = CableTrackQA|Any CPU
		{2A781CE5-8B2F-4E9A-ABA8-0417228A2A3C}.CableTrackQA|x64.Build.0 = CableTrackQA|Any CPU
		{2A781CE5-8B2F-4E9A-ABA8-0417228A2A3C}.CableTrackQA|x86.ActiveCfg = CableTrackQA|Any CPU
		{2A781CE5-8B2F-4E9A-ABA8-0417228A2A3C}.CableTrackQA|x86.Build.0 = CableTrackQA|Any CPU
		{2A781CE5-8B2F-4E9A-ABA8-0417228A2A3C}.Debug|Any CPU.ActiveCfg = Debug|Any CPU
		{2A781CE5-8B2F-4E9A-ABA8-0417228A2A3C}.Debug|Any CPU.Build.0 = Debug|Any CPU
		{2A781CE5-8B2F-4E9A-ABA8-0417228A2A3C}.Debug|Mixed Platforms.ActiveCfg = Debug|Any CPU
		{2A781CE5-8B2F-4E9A-ABA8-0417228A2A3C}.Debug|Mixed Platforms.Build.0 = Debug|Any CPU
		{2A781CE5-8B2F-4E9A-ABA8-0417228A2A3C}.Debug|x64.ActiveCfg = Debug|Any CPU
		{2A781CE5-8B2F-4E9A-ABA8-0417228A2A3C}.Debug|x64.Build.0 = Debug|Any CPU
		{2A781CE5-8B2F-4E9A-ABA8-0417228A2A3C}.Debug|x86.ActiveCfg = Debug|Any CPU
		{2A781CE5-8B2F-4E9A-ABA8-0417228A2A3C}.Debug|x86.Build.0 = Debug|Any CPU
		{2A781CE5-8B2F-4E9A-ABA8-0417228A2A3C}.IntegrationTests|Any CPU.ActiveCfg = IntegrationTests|Any CPU
		{2A781CE5-8B2F-4E9A-ABA8-0417228A2A3C}.IntegrationTests|Mixed Platforms.ActiveCfg = IntegrationTests|Any CPU
		{2A781CE5-8B2F-4E9A-ABA8-0417228A2A3C}.IntegrationTests|Mixed Platforms.Build.0 = IntegrationTests|Any CPU
		{2A781CE5-8B2F-4E9A-ABA8-0417228A2A3C}.IntegrationTests|x64.ActiveCfg = IntegrationTests|Any CPU
		{2A781CE5-8B2F-4E9A-ABA8-0417228A2A3C}.IntegrationTests|x64.Build.0 = IntegrationTests|Any CPU
		{2A781CE5-8B2F-4E9A-ABA8-0417228A2A3C}.IntegrationTests|x86.ActiveCfg = IntegrationTests|Any CPU
		{2A781CE5-8B2F-4E9A-ABA8-0417228A2A3C}.IntegrationTests|x86.Build.0 = IntegrationTests|Any CPU
		{2A781CE5-8B2F-4E9A-ABA8-0417228A2A3C}.QA|Any CPU.ActiveCfg = Release|Any CPU
		{2A781CE5-8B2F-4E9A-ABA8-0417228A2A3C}.QA|Any CPU.Build.0 = Release|Any CPU
		{2A781CE5-8B2F-4E9A-ABA8-0417228A2A3C}.QA|Mixed Platforms.ActiveCfg = Release|Any CPU
		{2A781CE5-8B2F-4E9A-ABA8-0417228A2A3C}.QA|Mixed Platforms.Build.0 = Release|Any CPU
		{2A781CE5-8B2F-4E9A-ABA8-0417228A2A3C}.QA|x64.ActiveCfg = Release|Any CPU
		{2A781CE5-8B2F-4E9A-ABA8-0417228A2A3C}.QA|x64.Build.0 = Release|Any CPU
		{2A781CE5-8B2F-4E9A-ABA8-0417228A2A3C}.QA|x86.ActiveCfg = Release|Any CPU
		{2A781CE5-8B2F-4E9A-ABA8-0417228A2A3C}.QA|x86.Build.0 = Release|Any CPU
		{2A781CE5-8B2F-4E9A-ABA8-0417228A2A3C}.QARelease|Any CPU.ActiveCfg = QARelease|Any CPU
		{2A781CE5-8B2F-4E9A-ABA8-0417228A2A3C}.QARelease|Any CPU.Build.0 = QARelease|Any CPU
		{2A781CE5-8B2F-4E9A-ABA8-0417228A2A3C}.QARelease|Mixed Platforms.ActiveCfg = QARelease|Any CPU
		{2A781CE5-8B2F-4E9A-ABA8-0417228A2A3C}.QARelease|Mixed Platforms.Build.0 = QARelease|Any CPU
		{2A781CE5-8B2F-4E9A-ABA8-0417228A2A3C}.QARelease|x64.ActiveCfg = QARelease|Any CPU
		{2A781CE5-8B2F-4E9A-ABA8-0417228A2A3C}.QARelease|x64.Build.0 = QARelease|Any CPU
		{2A781CE5-8B2F-4E9A-ABA8-0417228A2A3C}.QARelease|x86.ActiveCfg = QARelease|Any CPU
		{2A781CE5-8B2F-4E9A-ABA8-0417228A2A3C}.QARelease|x86.Build.0 = QARelease|Any CPU
		{2A781CE5-8B2F-4E9A-ABA8-0417228A2A3C}.Release|Any CPU.ActiveCfg = Release|Any CPU
		{2A781CE5-8B2F-4E9A-ABA8-0417228A2A3C}.Release|Any CPU.Build.0 = Release|Any CPU
		{2A781CE5-8B2F-4E9A-ABA8-0417228A2A3C}.Release|Mixed Platforms.ActiveCfg = Release|Any CPU
		{2A781CE5-8B2F-4E9A-ABA8-0417228A2A3C}.Release|Mixed Platforms.Build.0 = Release|Any CPU
		{2A781CE5-8B2F-4E9A-ABA8-0417228A2A3C}.Release|x64.ActiveCfg = Release|Any CPU
		{2A781CE5-8B2F-4E9A-ABA8-0417228A2A3C}.Release|x64.Build.0 = Release|Any CPU
		{2A781CE5-8B2F-4E9A-ABA8-0417228A2A3C}.Release|x86.ActiveCfg = Release|Any CPU
		{2A781CE5-8B2F-4E9A-ABA8-0417228A2A3C}.Release|x86.Build.0 = Release|Any CPU
		{2A781CE5-8B2F-4E9A-ABA8-0417228A2A3C}.ReleaseComposerWebQA|Any CPU.ActiveCfg = ReleaseComposerWebQA|Any CPU
		{2A781CE5-8B2F-4E9A-ABA8-0417228A2A3C}.ReleaseComposerWebQA|Any CPU.Build.0 = ReleaseComposerWebQA|Any CPU
		{2A781CE5-8B2F-4E9A-ABA8-0417228A2A3C}.ReleaseComposerWebQA|Mixed Platforms.ActiveCfg = ReleaseComposerWebQA|Any CPU
		{2A781CE5-8B2F-4E9A-ABA8-0417228A2A3C}.ReleaseComposerWebQA|Mixed Platforms.Build.0 = ReleaseComposerWebQA|Any CPU
		{2A781CE5-8B2F-4E9A-ABA8-0417228A2A3C}.ReleaseComposerWebQA|x64.ActiveCfg = ReleaseComposerWebQA|Any CPU
		{2A781CE5-8B2F-4E9A-ABA8-0417228A2A3C}.ReleaseComposerWebQA|x64.Build.0 = ReleaseComposerWebQA|Any CPU
		{2A781CE5-8B2F-4E9A-ABA8-0417228A2A3C}.ReleaseComposerWebQA|x86.ActiveCfg = ReleaseComposerWebQA|Any CPU
		{2A781CE5-8B2F-4E9A-ABA8-0417228A2A3C}.ReleaseComposerWebQA|x86.Build.0 = ReleaseComposerWebQA|Any CPU
		{2A781CE5-8B2F-4E9A-ABA8-0417228A2A3C}.ReportingWebQA|Any CPU.ActiveCfg = ReportingWebQA|Any CPU
		{2A781CE5-8B2F-4E9A-ABA8-0417228A2A3C}.ReportingWebQA|Any CPU.Build.0 = ReportingWebQA|Any CPU
		{2A781CE5-8B2F-4E9A-ABA8-0417228A2A3C}.ReportingWebQA|Mixed Platforms.ActiveCfg = ReportingWebQA|Any CPU
		{2A781CE5-8B2F-4E9A-ABA8-0417228A2A3C}.ReportingWebQA|Mixed Platforms.Build.0 = ReportingWebQA|Any CPU
		{2A781CE5-8B2F-4E9A-ABA8-0417228A2A3C}.ReportingWebQA|x64.ActiveCfg = ReportingWebQA|Any CPU
		{2A781CE5-8B2F-4E9A-ABA8-0417228A2A3C}.ReportingWebQA|x64.Build.0 = ReportingWebQA|Any CPU
		{2A781CE5-8B2F-4E9A-ABA8-0417228A2A3C}.ReportingWebQA|x86.ActiveCfg = ReportingWebQA|Any CPU
		{2A781CE5-8B2F-4E9A-ABA8-0417228A2A3C}.ReportingWebQA|x86.Build.0 = ReportingWebQA|Any CPU
		{2A781CE5-8B2F-4E9A-ABA8-0417228A2A3C}.TrafficComposerWebQA|Any CPU.ActiveCfg = TrafficComposerWebQA|Any CPU
		{2A781CE5-8B2F-4E9A-ABA8-0417228A2A3C}.TrafficComposerWebQA|Any CPU.Build.0 = TrafficComposerWebQA|Any CPU
		{2A781CE5-8B2F-4E9A-ABA8-0417228A2A3C}.TrafficComposerWebQA|Mixed Platforms.ActiveCfg = TrafficComposerWebQA|Any CPU
		{2A781CE5-8B2F-4E9A-ABA8-0417228A2A3C}.TrafficComposerWebQA|Mixed Platforms.Build.0 = TrafficComposerWebQA|Any CPU
		{2A781CE5-8B2F-4E9A-ABA8-0417228A2A3C}.TrafficComposerWebQA|x64.ActiveCfg = TrafficComposerWebQA|Any CPU
		{2A781CE5-8B2F-4E9A-ABA8-0417228A2A3C}.TrafficComposerWebQA|x64.Build.0 = TrafficComposerWebQA|Any CPU
		{2A781CE5-8B2F-4E9A-ABA8-0417228A2A3C}.TrafficComposerWebQA|x86.ActiveCfg = TrafficComposerWebQA|Any CPU
		{2A781CE5-8B2F-4E9A-ABA8-0417228A2A3C}.TrafficComposerWebQA|x86.Build.0 = TrafficComposerWebQA|Any CPU
		{BA718C31-1F25-4DF1-A2AF-EEA92DA4DAB6}.BroadcastComposerWeb|Any CPU.ActiveCfg = BroadcastComposerWeb|Any CPU
		{BA718C31-1F25-4DF1-A2AF-EEA92DA4DAB6}.BroadcastComposerWeb|Any CPU.Build.0 = BroadcastComposerWeb|Any CPU
		{BA718C31-1F25-4DF1-A2AF-EEA92DA4DAB6}.BroadcastComposerWeb|Mixed Platforms.ActiveCfg = BroadcastComposerWeb|Any CPU
		{BA718C31-1F25-4DF1-A2AF-EEA92DA4DAB6}.BroadcastComposerWeb|Mixed Platforms.Build.0 = BroadcastComposerWeb|Any CPU
		{BA718C31-1F25-4DF1-A2AF-EEA92DA4DAB6}.BroadcastComposerWeb|x64.ActiveCfg = BroadcastComposerWeb|Any CPU
		{BA718C31-1F25-4DF1-A2AF-EEA92DA4DAB6}.BroadcastComposerWeb|x64.Build.0 = BroadcastComposerWeb|Any CPU
		{BA718C31-1F25-4DF1-A2AF-EEA92DA4DAB6}.BroadcastComposerWeb|x86.ActiveCfg = BroadcastComposerWeb|Any CPU
		{BA718C31-1F25-4DF1-A2AF-EEA92DA4DAB6}.BroadcastComposerWeb|x86.Build.0 = BroadcastComposerWeb|Any CPU
		{BA718C31-1F25-4DF1-A2AF-EEA92DA4DAB6}.CableTrackQA|Any CPU.ActiveCfg = CableTrackQA|Any CPU
		{BA718C31-1F25-4DF1-A2AF-EEA92DA4DAB6}.CableTrackQA|Any CPU.Build.0 = CableTrackQA|Any CPU
		{BA718C31-1F25-4DF1-A2AF-EEA92DA4DAB6}.CableTrackQA|Mixed Platforms.ActiveCfg = CableTrackQA|Any CPU
		{BA718C31-1F25-4DF1-A2AF-EEA92DA4DAB6}.CableTrackQA|Mixed Platforms.Build.0 = CableTrackQA|Any CPU
		{BA718C31-1F25-4DF1-A2AF-EEA92DA4DAB6}.CableTrackQA|x64.ActiveCfg = CableTrackQA|Any CPU
		{BA718C31-1F25-4DF1-A2AF-EEA92DA4DAB6}.CableTrackQA|x64.Build.0 = CableTrackQA|Any CPU
		{BA718C31-1F25-4DF1-A2AF-EEA92DA4DAB6}.CableTrackQA|x86.ActiveCfg = CableTrackQA|Any CPU
		{BA718C31-1F25-4DF1-A2AF-EEA92DA4DAB6}.CableTrackQA|x86.Build.0 = CableTrackQA|Any CPU
		{BA718C31-1F25-4DF1-A2AF-EEA92DA4DAB6}.Debug|Any CPU.ActiveCfg = Debug|Any CPU
		{BA718C31-1F25-4DF1-A2AF-EEA92DA4DAB6}.Debug|Any CPU.Build.0 = Debug|Any CPU
		{BA718C31-1F25-4DF1-A2AF-EEA92DA4DAB6}.Debug|Mixed Platforms.ActiveCfg = Debug|Any CPU
		{BA718C31-1F25-4DF1-A2AF-EEA92DA4DAB6}.Debug|Mixed Platforms.Build.0 = Debug|Any CPU
		{BA718C31-1F25-4DF1-A2AF-EEA92DA4DAB6}.Debug|x64.ActiveCfg = Debug|Any CPU
		{BA718C31-1F25-4DF1-A2AF-EEA92DA4DAB6}.Debug|x64.Build.0 = Debug|Any CPU
		{BA718C31-1F25-4DF1-A2AF-EEA92DA4DAB6}.Debug|x86.ActiveCfg = Debug|Any CPU
		{BA718C31-1F25-4DF1-A2AF-EEA92DA4DAB6}.Debug|x86.Build.0 = Debug|Any CPU
		{BA718C31-1F25-4DF1-A2AF-EEA92DA4DAB6}.IntegrationTests|Any CPU.ActiveCfg = IntegrationTests|Any CPU
		{BA718C31-1F25-4DF1-A2AF-EEA92DA4DAB6}.IntegrationTests|Any CPU.Build.0 = IntegrationTests|Any CPU
		{BA718C31-1F25-4DF1-A2AF-EEA92DA4DAB6}.IntegrationTests|Mixed Platforms.ActiveCfg = IntegrationTests|Any CPU
		{BA718C31-1F25-4DF1-A2AF-EEA92DA4DAB6}.IntegrationTests|Mixed Platforms.Build.0 = IntegrationTests|Any CPU
		{BA718C31-1F25-4DF1-A2AF-EEA92DA4DAB6}.IntegrationTests|x64.ActiveCfg = IntegrationTests|Any CPU
		{BA718C31-1F25-4DF1-A2AF-EEA92DA4DAB6}.IntegrationTests|x64.Build.0 = IntegrationTests|Any CPU
		{BA718C31-1F25-4DF1-A2AF-EEA92DA4DAB6}.IntegrationTests|x86.ActiveCfg = IntegrationTests|Any CPU
		{BA718C31-1F25-4DF1-A2AF-EEA92DA4DAB6}.IntegrationTests|x86.Build.0 = IntegrationTests|Any CPU
		{BA718C31-1F25-4DF1-A2AF-EEA92DA4DAB6}.QA|Any CPU.ActiveCfg = Release|Any CPU
		{BA718C31-1F25-4DF1-A2AF-EEA92DA4DAB6}.QA|Any CPU.Build.0 = Release|Any CPU
		{BA718C31-1F25-4DF1-A2AF-EEA92DA4DAB6}.QA|Mixed Platforms.ActiveCfg = Release|Any CPU
		{BA718C31-1F25-4DF1-A2AF-EEA92DA4DAB6}.QA|Mixed Platforms.Build.0 = Release|Any CPU
		{BA718C31-1F25-4DF1-A2AF-EEA92DA4DAB6}.QA|x64.ActiveCfg = Release|Any CPU
		{BA718C31-1F25-4DF1-A2AF-EEA92DA4DAB6}.QA|x64.Build.0 = Release|Any CPU
		{BA718C31-1F25-4DF1-A2AF-EEA92DA4DAB6}.QA|x86.ActiveCfg = Release|Any CPU
		{BA718C31-1F25-4DF1-A2AF-EEA92DA4DAB6}.QA|x86.Build.0 = Release|Any CPU
		{BA718C31-1F25-4DF1-A2AF-EEA92DA4DAB6}.QARelease|Any CPU.ActiveCfg = QARelease|Any CPU
		{BA718C31-1F25-4DF1-A2AF-EEA92DA4DAB6}.QARelease|Any CPU.Build.0 = QARelease|Any CPU
		{BA718C31-1F25-4DF1-A2AF-EEA92DA4DAB6}.QARelease|Mixed Platforms.ActiveCfg = QARelease|Any CPU
		{BA718C31-1F25-4DF1-A2AF-EEA92DA4DAB6}.QARelease|Mixed Platforms.Build.0 = QARelease|Any CPU
		{BA718C31-1F25-4DF1-A2AF-EEA92DA4DAB6}.QARelease|x64.ActiveCfg = QARelease|Any CPU
		{BA718C31-1F25-4DF1-A2AF-EEA92DA4DAB6}.QARelease|x64.Build.0 = QARelease|Any CPU
		{BA718C31-1F25-4DF1-A2AF-EEA92DA4DAB6}.QARelease|x86.ActiveCfg = QARelease|Any CPU
		{BA718C31-1F25-4DF1-A2AF-EEA92DA4DAB6}.QARelease|x86.Build.0 = QARelease|Any CPU
		{BA718C31-1F25-4DF1-A2AF-EEA92DA4DAB6}.Release|Any CPU.ActiveCfg = Release|Any CPU
		{BA718C31-1F25-4DF1-A2AF-EEA92DA4DAB6}.Release|Any CPU.Build.0 = Release|Any CPU
		{BA718C31-1F25-4DF1-A2AF-EEA92DA4DAB6}.Release|Mixed Platforms.ActiveCfg = Release|Any CPU
		{BA718C31-1F25-4DF1-A2AF-EEA92DA4DAB6}.Release|Mixed Platforms.Build.0 = Release|Any CPU
		{BA718C31-1F25-4DF1-A2AF-EEA92DA4DAB6}.Release|x64.ActiveCfg = Release|Any CPU
		{BA718C31-1F25-4DF1-A2AF-EEA92DA4DAB6}.Release|x64.Build.0 = Release|Any CPU
		{BA718C31-1F25-4DF1-A2AF-EEA92DA4DAB6}.Release|x86.ActiveCfg = Release|Any CPU
		{BA718C31-1F25-4DF1-A2AF-EEA92DA4DAB6}.Release|x86.Build.0 = Release|Any CPU
		{BA718C31-1F25-4DF1-A2AF-EEA92DA4DAB6}.ReleaseComposerWebQA|Any CPU.ActiveCfg = ReleaseComposerWebQA|Any CPU
		{BA718C31-1F25-4DF1-A2AF-EEA92DA4DAB6}.ReleaseComposerWebQA|Any CPU.Build.0 = ReleaseComposerWebQA|Any CPU
		{BA718C31-1F25-4DF1-A2AF-EEA92DA4DAB6}.ReleaseComposerWebQA|Mixed Platforms.ActiveCfg = ReleaseComposerWebQA|Any CPU
		{BA718C31-1F25-4DF1-A2AF-EEA92DA4DAB6}.ReleaseComposerWebQA|Mixed Platforms.Build.0 = ReleaseComposerWebQA|Any CPU
		{BA718C31-1F25-4DF1-A2AF-EEA92DA4DAB6}.ReleaseComposerWebQA|x64.ActiveCfg = ReleaseComposerWebQA|Any CPU
		{BA718C31-1F25-4DF1-A2AF-EEA92DA4DAB6}.ReleaseComposerWebQA|x64.Build.0 = ReleaseComposerWebQA|Any CPU
		{BA718C31-1F25-4DF1-A2AF-EEA92DA4DAB6}.ReleaseComposerWebQA|x86.ActiveCfg = ReleaseComposerWebQA|Any CPU
		{BA718C31-1F25-4DF1-A2AF-EEA92DA4DAB6}.ReleaseComposerWebQA|x86.Build.0 = ReleaseComposerWebQA|Any CPU
		{BA718C31-1F25-4DF1-A2AF-EEA92DA4DAB6}.ReportingWebQA|Any CPU.ActiveCfg = ReportingWebQA|Any CPU
		{BA718C31-1F25-4DF1-A2AF-EEA92DA4DAB6}.ReportingWebQA|Any CPU.Build.0 = ReportingWebQA|Any CPU
		{BA718C31-1F25-4DF1-A2AF-EEA92DA4DAB6}.ReportingWebQA|Mixed Platforms.ActiveCfg = ReportingWebQA|Any CPU
		{BA718C31-1F25-4DF1-A2AF-EEA92DA4DAB6}.ReportingWebQA|Mixed Platforms.Build.0 = ReportingWebQA|Any CPU
		{BA718C31-1F25-4DF1-A2AF-EEA92DA4DAB6}.ReportingWebQA|x64.ActiveCfg = ReportingWebQA|Any CPU
		{BA718C31-1F25-4DF1-A2AF-EEA92DA4DAB6}.ReportingWebQA|x64.Build.0 = ReportingWebQA|Any CPU
		{BA718C31-1F25-4DF1-A2AF-EEA92DA4DAB6}.ReportingWebQA|x86.ActiveCfg = ReportingWebQA|Any CPU
		{BA718C31-1F25-4DF1-A2AF-EEA92DA4DAB6}.ReportingWebQA|x86.Build.0 = ReportingWebQA|Any CPU
		{BA718C31-1F25-4DF1-A2AF-EEA92DA4DAB6}.TrafficComposerWebQA|Any CPU.ActiveCfg = TrafficComposerWebQA|Any CPU
		{BA718C31-1F25-4DF1-A2AF-EEA92DA4DAB6}.TrafficComposerWebQA|Any CPU.Build.0 = TrafficComposerWebQA|Any CPU
		{BA718C31-1F25-4DF1-A2AF-EEA92DA4DAB6}.TrafficComposerWebQA|Mixed Platforms.ActiveCfg = TrafficComposerWebQA|Any CPU
		{BA718C31-1F25-4DF1-A2AF-EEA92DA4DAB6}.TrafficComposerWebQA|Mixed Platforms.Build.0 = TrafficComposerWebQA|Any CPU
		{BA718C31-1F25-4DF1-A2AF-EEA92DA4DAB6}.TrafficComposerWebQA|x64.ActiveCfg = TrafficComposerWebQA|Any CPU
		{BA718C31-1F25-4DF1-A2AF-EEA92DA4DAB6}.TrafficComposerWebQA|x64.Build.0 = TrafficComposerWebQA|Any CPU
		{BA718C31-1F25-4DF1-A2AF-EEA92DA4DAB6}.TrafficComposerWebQA|x86.ActiveCfg = TrafficComposerWebQA|Any CPU
		{BA718C31-1F25-4DF1-A2AF-EEA92DA4DAB6}.TrafficComposerWebQA|x86.Build.0 = TrafficComposerWebQA|Any CPU
		{9C9E22BD-7CF0-4095-BB1C-E8DCF7B678F7}.BroadcastComposerWeb|Any CPU.ActiveCfg = BroadcastComposerWeb|Any CPU
		{9C9E22BD-7CF0-4095-BB1C-E8DCF7B678F7}.BroadcastComposerWeb|Any CPU.Build.0 = BroadcastComposerWeb|Any CPU
		{9C9E22BD-7CF0-4095-BB1C-E8DCF7B678F7}.BroadcastComposerWeb|Mixed Platforms.ActiveCfg = BroadcastComposerWeb|x86
		{9C9E22BD-7CF0-4095-BB1C-E8DCF7B678F7}.BroadcastComposerWeb|Mixed Platforms.Build.0 = BroadcastComposerWeb|x86
		{9C9E22BD-7CF0-4095-BB1C-E8DCF7B678F7}.BroadcastComposerWeb|x64.ActiveCfg = BroadcastComposerWeb|x64
		{9C9E22BD-7CF0-4095-BB1C-E8DCF7B678F7}.BroadcastComposerWeb|x64.Build.0 = BroadcastComposerWeb|x64
		{9C9E22BD-7CF0-4095-BB1C-E8DCF7B678F7}.BroadcastComposerWeb|x86.ActiveCfg = BroadcastComposerWeb|x86
		{9C9E22BD-7CF0-4095-BB1C-E8DCF7B678F7}.BroadcastComposerWeb|x86.Build.0 = BroadcastComposerWeb|x86
		{9C9E22BD-7CF0-4095-BB1C-E8DCF7B678F7}.CableTrackQA|Any CPU.ActiveCfg = CableTrackQA|Any CPU
		{9C9E22BD-7CF0-4095-BB1C-E8DCF7B678F7}.CableTrackQA|Any CPU.Build.0 = CableTrackQA|Any CPU
		{9C9E22BD-7CF0-4095-BB1C-E8DCF7B678F7}.CableTrackQA|Mixed Platforms.ActiveCfg = CableTrackQA|x86
		{9C9E22BD-7CF0-4095-BB1C-E8DCF7B678F7}.CableTrackQA|Mixed Platforms.Build.0 = CableTrackQA|x86
		{9C9E22BD-7CF0-4095-BB1C-E8DCF7B678F7}.CableTrackQA|x64.ActiveCfg = CableTrackQA|x64
		{9C9E22BD-7CF0-4095-BB1C-E8DCF7B678F7}.CableTrackQA|x64.Build.0 = CableTrackQA|x64
		{9C9E22BD-7CF0-4095-BB1C-E8DCF7B678F7}.CableTrackQA|x86.ActiveCfg = CableTrackQA|x86
		{9C9E22BD-7CF0-4095-BB1C-E8DCF7B678F7}.CableTrackQA|x86.Build.0 = CableTrackQA|x86
		{9C9E22BD-7CF0-4095-BB1C-E8DCF7B678F7}.Debug|Any CPU.ActiveCfg = Debug|Any CPU
		{9C9E22BD-7CF0-4095-BB1C-E8DCF7B678F7}.Debug|Any CPU.Build.0 = Debug|Any CPU
		{9C9E22BD-7CF0-4095-BB1C-E8DCF7B678F7}.Debug|Mixed Platforms.ActiveCfg = Debug|Any CPU
		{9C9E22BD-7CF0-4095-BB1C-E8DCF7B678F7}.Debug|Mixed Platforms.Build.0 = Debug|Any CPU
		{9C9E22BD-7CF0-4095-BB1C-E8DCF7B678F7}.Debug|x64.ActiveCfg = Debug|Any CPU
		{9C9E22BD-7CF0-4095-BB1C-E8DCF7B678F7}.Debug|x64.Build.0 = Debug|Any CPU
		{9C9E22BD-7CF0-4095-BB1C-E8DCF7B678F7}.Debug|x86.ActiveCfg = Debug|Any CPU
		{9C9E22BD-7CF0-4095-BB1C-E8DCF7B678F7}.Debug|x86.Build.0 = Debug|Any CPU
		{9C9E22BD-7CF0-4095-BB1C-E8DCF7B678F7}.IntegrationTests|Any CPU.ActiveCfg = IntegrationTests|Any CPU
		{9C9E22BD-7CF0-4095-BB1C-E8DCF7B678F7}.IntegrationTests|Any CPU.Build.0 = IntegrationTests|Any CPU
		{9C9E22BD-7CF0-4095-BB1C-E8DCF7B678F7}.IntegrationTests|Mixed Platforms.ActiveCfg = IntegrationTests|x86
		{9C9E22BD-7CF0-4095-BB1C-E8DCF7B678F7}.IntegrationTests|Mixed Platforms.Build.0 = IntegrationTests|x86
		{9C9E22BD-7CF0-4095-BB1C-E8DCF7B678F7}.IntegrationTests|x64.ActiveCfg = IntegrationTests|x64
		{9C9E22BD-7CF0-4095-BB1C-E8DCF7B678F7}.IntegrationTests|x64.Build.0 = IntegrationTests|x64
		{9C9E22BD-7CF0-4095-BB1C-E8DCF7B678F7}.IntegrationTests|x86.ActiveCfg = IntegrationTests|x86
		{9C9E22BD-7CF0-4095-BB1C-E8DCF7B678F7}.IntegrationTests|x86.Build.0 = IntegrationTests|x86
		{9C9E22BD-7CF0-4095-BB1C-E8DCF7B678F7}.QA|Any CPU.ActiveCfg = Release|Any CPU
		{9C9E22BD-7CF0-4095-BB1C-E8DCF7B678F7}.QA|Any CPU.Build.0 = Release|Any CPU
		{9C9E22BD-7CF0-4095-BB1C-E8DCF7B678F7}.QA|Mixed Platforms.ActiveCfg = Release|Any CPU
		{9C9E22BD-7CF0-4095-BB1C-E8DCF7B678F7}.QA|Mixed Platforms.Build.0 = Release|Any CPU
		{9C9E22BD-7CF0-4095-BB1C-E8DCF7B678F7}.QA|x64.ActiveCfg = Release|Any CPU
		{9C9E22BD-7CF0-4095-BB1C-E8DCF7B678F7}.QA|x64.Build.0 = Release|Any CPU
		{9C9E22BD-7CF0-4095-BB1C-E8DCF7B678F7}.QA|x86.ActiveCfg = Release|Any CPU
		{9C9E22BD-7CF0-4095-BB1C-E8DCF7B678F7}.QA|x86.Build.0 = Release|Any CPU
		{9C9E22BD-7CF0-4095-BB1C-E8DCF7B678F7}.QARelease|Any CPU.ActiveCfg = QARelease|Any CPU
		{9C9E22BD-7CF0-4095-BB1C-E8DCF7B678F7}.QARelease|Any CPU.Build.0 = QARelease|Any CPU
		{9C9E22BD-7CF0-4095-BB1C-E8DCF7B678F7}.QARelease|Mixed Platforms.ActiveCfg = QARelease|x86
		{9C9E22BD-7CF0-4095-BB1C-E8DCF7B678F7}.QARelease|Mixed Platforms.Build.0 = QARelease|x86
		{9C9E22BD-7CF0-4095-BB1C-E8DCF7B678F7}.QARelease|x64.ActiveCfg = QARelease|x64
		{9C9E22BD-7CF0-4095-BB1C-E8DCF7B678F7}.QARelease|x64.Build.0 = QARelease|x64
		{9C9E22BD-7CF0-4095-BB1C-E8DCF7B678F7}.QARelease|x86.ActiveCfg = QARelease|x86
		{9C9E22BD-7CF0-4095-BB1C-E8DCF7B678F7}.QARelease|x86.Build.0 = QARelease|x86
		{9C9E22BD-7CF0-4095-BB1C-E8DCF7B678F7}.Release|Any CPU.ActiveCfg = Release|Any CPU
		{9C9E22BD-7CF0-4095-BB1C-E8DCF7B678F7}.Release|Any CPU.Build.0 = Release|Any CPU
		{9C9E22BD-7CF0-4095-BB1C-E8DCF7B678F7}.Release|Mixed Platforms.ActiveCfg = Release|Any CPU
		{9C9E22BD-7CF0-4095-BB1C-E8DCF7B678F7}.Release|Mixed Platforms.Build.0 = Release|Any CPU
		{9C9E22BD-7CF0-4095-BB1C-E8DCF7B678F7}.Release|x64.ActiveCfg = Release|Any CPU
		{9C9E22BD-7CF0-4095-BB1C-E8DCF7B678F7}.Release|x64.Build.0 = Release|Any CPU
		{9C9E22BD-7CF0-4095-BB1C-E8DCF7B678F7}.Release|x86.ActiveCfg = Release|Any CPU
		{9C9E22BD-7CF0-4095-BB1C-E8DCF7B678F7}.Release|x86.Build.0 = Release|Any CPU
		{9C9E22BD-7CF0-4095-BB1C-E8DCF7B678F7}.ReleaseComposerWebQA|Any CPU.ActiveCfg = ReleaseComposerWebQA|Any CPU
		{9C9E22BD-7CF0-4095-BB1C-E8DCF7B678F7}.ReleaseComposerWebQA|Any CPU.Build.0 = ReleaseComposerWebQA|Any CPU
		{9C9E22BD-7CF0-4095-BB1C-E8DCF7B678F7}.ReleaseComposerWebQA|Mixed Platforms.ActiveCfg = ReleaseComposerWebQA|x86
		{9C9E22BD-7CF0-4095-BB1C-E8DCF7B678F7}.ReleaseComposerWebQA|Mixed Platforms.Build.0 = ReleaseComposerWebQA|x86
		{9C9E22BD-7CF0-4095-BB1C-E8DCF7B678F7}.ReleaseComposerWebQA|x64.ActiveCfg = ReleaseComposerWebQA|x64
		{9C9E22BD-7CF0-4095-BB1C-E8DCF7B678F7}.ReleaseComposerWebQA|x64.Build.0 = ReleaseComposerWebQA|x64
		{9C9E22BD-7CF0-4095-BB1C-E8DCF7B678F7}.ReleaseComposerWebQA|x86.ActiveCfg = ReleaseComposerWebQA|x86
		{9C9E22BD-7CF0-4095-BB1C-E8DCF7B678F7}.ReleaseComposerWebQA|x86.Build.0 = ReleaseComposerWebQA|x86
		{9C9E22BD-7CF0-4095-BB1C-E8DCF7B678F7}.ReportingWebQA|Any CPU.ActiveCfg = ReportingWebQA|Any CPU
		{9C9E22BD-7CF0-4095-BB1C-E8DCF7B678F7}.ReportingWebQA|Any CPU.Build.0 = ReportingWebQA|Any CPU
		{9C9E22BD-7CF0-4095-BB1C-E8DCF7B678F7}.ReportingWebQA|Mixed Platforms.ActiveCfg = ReportingWebQA|x86
		{9C9E22BD-7CF0-4095-BB1C-E8DCF7B678F7}.ReportingWebQA|Mixed Platforms.Build.0 = ReportingWebQA|x86
		{9C9E22BD-7CF0-4095-BB1C-E8DCF7B678F7}.ReportingWebQA|x64.ActiveCfg = ReportingWebQA|x64
		{9C9E22BD-7CF0-4095-BB1C-E8DCF7B678F7}.ReportingWebQA|x64.Build.0 = ReportingWebQA|x64
		{9C9E22BD-7CF0-4095-BB1C-E8DCF7B678F7}.ReportingWebQA|x86.ActiveCfg = ReportingWebQA|x86
		{9C9E22BD-7CF0-4095-BB1C-E8DCF7B678F7}.ReportingWebQA|x86.Build.0 = ReportingWebQA|x86
		{9C9E22BD-7CF0-4095-BB1C-E8DCF7B678F7}.TrafficComposerWebQA|Any CPU.ActiveCfg = TrafficComposerWebQA|Any CPU
		{9C9E22BD-7CF0-4095-BB1C-E8DCF7B678F7}.TrafficComposerWebQA|Any CPU.Build.0 = TrafficComposerWebQA|Any CPU
		{9C9E22BD-7CF0-4095-BB1C-E8DCF7B678F7}.TrafficComposerWebQA|Mixed Platforms.ActiveCfg = TrafficComposerWebQA|x86
		{9C9E22BD-7CF0-4095-BB1C-E8DCF7B678F7}.TrafficComposerWebQA|Mixed Platforms.Build.0 = TrafficComposerWebQA|x86
		{9C9E22BD-7CF0-4095-BB1C-E8DCF7B678F7}.TrafficComposerWebQA|x64.ActiveCfg = TrafficComposerWebQA|x64
		{9C9E22BD-7CF0-4095-BB1C-E8DCF7B678F7}.TrafficComposerWebQA|x64.Build.0 = TrafficComposerWebQA|x64
		{9C9E22BD-7CF0-4095-BB1C-E8DCF7B678F7}.TrafficComposerWebQA|x86.ActiveCfg = TrafficComposerWebQA|x86
		{9C9E22BD-7CF0-4095-BB1C-E8DCF7B678F7}.TrafficComposerWebQA|x86.Build.0 = TrafficComposerWebQA|x86
		{2503840A-848E-4B7A-ADBB-F89430C1B45B}.BroadcastComposerWeb|Any CPU.ActiveCfg = BroadcastComposerWeb|Any CPU
		{2503840A-848E-4B7A-ADBB-F89430C1B45B}.BroadcastComposerWeb|Any CPU.Build.0 = BroadcastComposerWeb|Any CPU
		{2503840A-848E-4B7A-ADBB-F89430C1B45B}.BroadcastComposerWeb|Mixed Platforms.ActiveCfg = BroadcastComposerWeb|x86
		{2503840A-848E-4B7A-ADBB-F89430C1B45B}.BroadcastComposerWeb|Mixed Platforms.Build.0 = BroadcastComposerWeb|x86
		{2503840A-848E-4B7A-ADBB-F89430C1B45B}.BroadcastComposerWeb|x64.ActiveCfg = BroadcastComposerWeb|x64
		{2503840A-848E-4B7A-ADBB-F89430C1B45B}.BroadcastComposerWeb|x64.Build.0 = BroadcastComposerWeb|x64
		{2503840A-848E-4B7A-ADBB-F89430C1B45B}.BroadcastComposerWeb|x86.ActiveCfg = BroadcastComposerWeb|x86
		{2503840A-848E-4B7A-ADBB-F89430C1B45B}.BroadcastComposerWeb|x86.Build.0 = BroadcastComposerWeb|x86
		{2503840A-848E-4B7A-ADBB-F89430C1B45B}.CableTrackQA|Any CPU.ActiveCfg = CableTrackQA|Any CPU
		{2503840A-848E-4B7A-ADBB-F89430C1B45B}.CableTrackQA|Any CPU.Build.0 = CableTrackQA|Any CPU
		{2503840A-848E-4B7A-ADBB-F89430C1B45B}.CableTrackQA|Mixed Platforms.ActiveCfg = CableTrackQA|x86
		{2503840A-848E-4B7A-ADBB-F89430C1B45B}.CableTrackQA|Mixed Platforms.Build.0 = CableTrackQA|x86
		{2503840A-848E-4B7A-ADBB-F89430C1B45B}.CableTrackQA|x64.ActiveCfg = CableTrackQA|x64
		{2503840A-848E-4B7A-ADBB-F89430C1B45B}.CableTrackQA|x64.Build.0 = CableTrackQA|x64
		{2503840A-848E-4B7A-ADBB-F89430C1B45B}.CableTrackQA|x86.ActiveCfg = CableTrackQA|x86
		{2503840A-848E-4B7A-ADBB-F89430C1B45B}.CableTrackQA|x86.Build.0 = CableTrackQA|x86
		{2503840A-848E-4B7A-ADBB-F89430C1B45B}.Debug|Any CPU.ActiveCfg = Debug|Any CPU
		{2503840A-848E-4B7A-ADBB-F89430C1B45B}.Debug|Any CPU.Build.0 = Debug|Any CPU
		{2503840A-848E-4B7A-ADBB-F89430C1B45B}.Debug|Mixed Platforms.ActiveCfg = Debug|Any CPU
		{2503840A-848E-4B7A-ADBB-F89430C1B45B}.Debug|Mixed Platforms.Build.0 = Debug|Any CPU
		{2503840A-848E-4B7A-ADBB-F89430C1B45B}.Debug|x64.ActiveCfg = Debug|x64
		{2503840A-848E-4B7A-ADBB-F89430C1B45B}.Debug|x64.Build.0 = Debug|x64
		{2503840A-848E-4B7A-ADBB-F89430C1B45B}.Debug|x86.ActiveCfg = Debug|Any CPU
		{2503840A-848E-4B7A-ADBB-F89430C1B45B}.Debug|x86.Build.0 = Debug|Any CPU
		{2503840A-848E-4B7A-ADBB-F89430C1B45B}.IntegrationTests|Any CPU.ActiveCfg = IntegrationTests|Any CPU
		{2503840A-848E-4B7A-ADBB-F89430C1B45B}.IntegrationTests|Any CPU.Build.0 = IntegrationTests|Any CPU
		{2503840A-848E-4B7A-ADBB-F89430C1B45B}.IntegrationTests|Mixed Platforms.ActiveCfg = IntegrationTests|x86
		{2503840A-848E-4B7A-ADBB-F89430C1B45B}.IntegrationTests|Mixed Platforms.Build.0 = IntegrationTests|x86
		{2503840A-848E-4B7A-ADBB-F89430C1B45B}.IntegrationTests|x64.ActiveCfg = IntegrationTests|x64
		{2503840A-848E-4B7A-ADBB-F89430C1B45B}.IntegrationTests|x64.Build.0 = IntegrationTests|x64
		{2503840A-848E-4B7A-ADBB-F89430C1B45B}.IntegrationTests|x86.ActiveCfg = IntegrationTests|x86
		{2503840A-848E-4B7A-ADBB-F89430C1B45B}.IntegrationTests|x86.Build.0 = IntegrationTests|x86
		{2503840A-848E-4B7A-ADBB-F89430C1B45B}.QA|Any CPU.ActiveCfg = Release|Any CPU
		{2503840A-848E-4B7A-ADBB-F89430C1B45B}.QA|Any CPU.Build.0 = Release|Any CPU
		{2503840A-848E-4B7A-ADBB-F89430C1B45B}.QA|Mixed Platforms.ActiveCfg = Release|Any CPU
		{2503840A-848E-4B7A-ADBB-F89430C1B45B}.QA|Mixed Platforms.Build.0 = Release|Any CPU
		{2503840A-848E-4B7A-ADBB-F89430C1B45B}.QA|x64.ActiveCfg = Release|Any CPU
		{2503840A-848E-4B7A-ADBB-F89430C1B45B}.QA|x64.Build.0 = Release|Any CPU
		{2503840A-848E-4B7A-ADBB-F89430C1B45B}.QA|x86.ActiveCfg = Release|Any CPU
		{2503840A-848E-4B7A-ADBB-F89430C1B45B}.QA|x86.Build.0 = Release|Any CPU
		{2503840A-848E-4B7A-ADBB-F89430C1B45B}.QARelease|Any CPU.ActiveCfg = QARelease|Any CPU
		{2503840A-848E-4B7A-ADBB-F89430C1B45B}.QARelease|Any CPU.Build.0 = QARelease|Any CPU
		{2503840A-848E-4B7A-ADBB-F89430C1B45B}.QARelease|Mixed Platforms.ActiveCfg = QARelease|x86
		{2503840A-848E-4B7A-ADBB-F89430C1B45B}.QARelease|Mixed Platforms.Build.0 = QARelease|x86
		{2503840A-848E-4B7A-ADBB-F89430C1B45B}.QARelease|x64.ActiveCfg = QARelease|x64
		{2503840A-848E-4B7A-ADBB-F89430C1B45B}.QARelease|x64.Build.0 = QARelease|x64
		{2503840A-848E-4B7A-ADBB-F89430C1B45B}.QARelease|x86.ActiveCfg = QARelease|x86
		{2503840A-848E-4B7A-ADBB-F89430C1B45B}.QARelease|x86.Build.0 = QARelease|x86
		{2503840A-848E-4B7A-ADBB-F89430C1B45B}.Release|Any CPU.ActiveCfg = Release|Any CPU
		{2503840A-848E-4B7A-ADBB-F89430C1B45B}.Release|Any CPU.Build.0 = Release|Any CPU
		{2503840A-848E-4B7A-ADBB-F89430C1B45B}.Release|Mixed Platforms.ActiveCfg = Release|Any CPU
		{2503840A-848E-4B7A-ADBB-F89430C1B45B}.Release|Mixed Platforms.Build.0 = Release|Any CPU
		{2503840A-848E-4B7A-ADBB-F89430C1B45B}.Release|x64.ActiveCfg = Release|Any CPU
		{2503840A-848E-4B7A-ADBB-F89430C1B45B}.Release|x64.Build.0 = Release|Any CPU
		{2503840A-848E-4B7A-ADBB-F89430C1B45B}.Release|x86.ActiveCfg = Release|Any CPU
		{2503840A-848E-4B7A-ADBB-F89430C1B45B}.Release|x86.Build.0 = Release|Any CPU
		{2503840A-848E-4B7A-ADBB-F89430C1B45B}.ReleaseComposerWebQA|Any CPU.ActiveCfg = ReleaseComposerWebQA|Any CPU
		{2503840A-848E-4B7A-ADBB-F89430C1B45B}.ReleaseComposerWebQA|Any CPU.Build.0 = ReleaseComposerWebQA|Any CPU
		{2503840A-848E-4B7A-ADBB-F89430C1B45B}.ReleaseComposerWebQA|Mixed Platforms.ActiveCfg = ReleaseComposerWebQA|x86
		{2503840A-848E-4B7A-ADBB-F89430C1B45B}.ReleaseComposerWebQA|Mixed Platforms.Build.0 = ReleaseComposerWebQA|x86
		{2503840A-848E-4B7A-ADBB-F89430C1B45B}.ReleaseComposerWebQA|x64.ActiveCfg = ReleaseComposerWebQA|x64
		{2503840A-848E-4B7A-ADBB-F89430C1B45B}.ReleaseComposerWebQA|x64.Build.0 = ReleaseComposerWebQA|x64
		{2503840A-848E-4B7A-ADBB-F89430C1B45B}.ReleaseComposerWebQA|x86.ActiveCfg = ReleaseComposerWebQA|x86
		{2503840A-848E-4B7A-ADBB-F89430C1B45B}.ReleaseComposerWebQA|x86.Build.0 = ReleaseComposerWebQA|x86
		{2503840A-848E-4B7A-ADBB-F89430C1B45B}.ReportingWebQA|Any CPU.ActiveCfg = ReportingWebQA|Any CPU
		{2503840A-848E-4B7A-ADBB-F89430C1B45B}.ReportingWebQA|Any CPU.Build.0 = ReportingWebQA|Any CPU
		{2503840A-848E-4B7A-ADBB-F89430C1B45B}.ReportingWebQA|Mixed Platforms.ActiveCfg = ReportingWebQA|x86
		{2503840A-848E-4B7A-ADBB-F89430C1B45B}.ReportingWebQA|Mixed Platforms.Build.0 = ReportingWebQA|x86
		{2503840A-848E-4B7A-ADBB-F89430C1B45B}.ReportingWebQA|x64.ActiveCfg = ReportingWebQA|x64
		{2503840A-848E-4B7A-ADBB-F89430C1B45B}.ReportingWebQA|x64.Build.0 = ReportingWebQA|x64
		{2503840A-848E-4B7A-ADBB-F89430C1B45B}.ReportingWebQA|x86.ActiveCfg = ReportingWebQA|x86
		{2503840A-848E-4B7A-ADBB-F89430C1B45B}.ReportingWebQA|x86.Build.0 = ReportingWebQA|x86
		{2503840A-848E-4B7A-ADBB-F89430C1B45B}.TrafficComposerWebQA|Any CPU.ActiveCfg = TrafficComposerWebQA|Any CPU
		{2503840A-848E-4B7A-ADBB-F89430C1B45B}.TrafficComposerWebQA|Any CPU.Build.0 = TrafficComposerWebQA|Any CPU
		{2503840A-848E-4B7A-ADBB-F89430C1B45B}.TrafficComposerWebQA|Mixed Platforms.ActiveCfg = TrafficComposerWebQA|x86
		{2503840A-848E-4B7A-ADBB-F89430C1B45B}.TrafficComposerWebQA|Mixed Platforms.Build.0 = TrafficComposerWebQA|x86
		{2503840A-848E-4B7A-ADBB-F89430C1B45B}.TrafficComposerWebQA|x64.ActiveCfg = TrafficComposerWebQA|x64
		{2503840A-848E-4B7A-ADBB-F89430C1B45B}.TrafficComposerWebQA|x64.Build.0 = TrafficComposerWebQA|x64
		{2503840A-848E-4B7A-ADBB-F89430C1B45B}.TrafficComposerWebQA|x86.ActiveCfg = TrafficComposerWebQA|x86
		{2503840A-848E-4B7A-ADBB-F89430C1B45B}.TrafficComposerWebQA|x86.Build.0 = TrafficComposerWebQA|x86
		{4DDD974F-7D23-4E36-A5EF-07889CBDEEE0}.BroadcastComposerWeb|Any CPU.ActiveCfg = BroadcastComposerWeb|Any CPU
		{4DDD974F-7D23-4E36-A5EF-07889CBDEEE0}.BroadcastComposerWeb|Any CPU.Build.0 = BroadcastComposerWeb|Any CPU
		{4DDD974F-7D23-4E36-A5EF-07889CBDEEE0}.BroadcastComposerWeb|Mixed Platforms.ActiveCfg = BroadcastComposerWeb|Any CPU
		{4DDD974F-7D23-4E36-A5EF-07889CBDEEE0}.BroadcastComposerWeb|Mixed Platforms.Build.0 = BroadcastComposerWeb|Any CPU
		{4DDD974F-7D23-4E36-A5EF-07889CBDEEE0}.BroadcastComposerWeb|x64.ActiveCfg = BroadcastComposerWeb|Any CPU
		{4DDD974F-7D23-4E36-A5EF-07889CBDEEE0}.BroadcastComposerWeb|x64.Build.0 = BroadcastComposerWeb|Any CPU
		{4DDD974F-7D23-4E36-A5EF-07889CBDEEE0}.BroadcastComposerWeb|x86.ActiveCfg = BroadcastComposerWeb|Any CPU
		{4DDD974F-7D23-4E36-A5EF-07889CBDEEE0}.BroadcastComposerWeb|x86.Build.0 = BroadcastComposerWeb|Any CPU
		{4DDD974F-7D23-4E36-A5EF-07889CBDEEE0}.CableTrackQA|Any CPU.ActiveCfg = CableTrackQA|Any CPU
		{4DDD974F-7D23-4E36-A5EF-07889CBDEEE0}.CableTrackQA|Any CPU.Build.0 = CableTrackQA|Any CPU
		{4DDD974F-7D23-4E36-A5EF-07889CBDEEE0}.CableTrackQA|Mixed Platforms.ActiveCfg = CableTrackQA|Any CPU
		{4DDD974F-7D23-4E36-A5EF-07889CBDEEE0}.CableTrackQA|Mixed Platforms.Build.0 = CableTrackQA|Any CPU
		{4DDD974F-7D23-4E36-A5EF-07889CBDEEE0}.CableTrackQA|x64.ActiveCfg = CableTrackQA|Any CPU
		{4DDD974F-7D23-4E36-A5EF-07889CBDEEE0}.CableTrackQA|x64.Build.0 = CableTrackQA|Any CPU
		{4DDD974F-7D23-4E36-A5EF-07889CBDEEE0}.CableTrackQA|x86.ActiveCfg = CableTrackQA|Any CPU
		{4DDD974F-7D23-4E36-A5EF-07889CBDEEE0}.CableTrackQA|x86.Build.0 = CableTrackQA|Any CPU
		{4DDD974F-7D23-4E36-A5EF-07889CBDEEE0}.Debug|Any CPU.ActiveCfg = Debug|Any CPU
		{4DDD974F-7D23-4E36-A5EF-07889CBDEEE0}.Debug|Any CPU.Build.0 = Debug|Any CPU
		{4DDD974F-7D23-4E36-A5EF-07889CBDEEE0}.Debug|Mixed Platforms.ActiveCfg = Debug|Any CPU
		{4DDD974F-7D23-4E36-A5EF-07889CBDEEE0}.Debug|Mixed Platforms.Build.0 = Debug|Any CPU
		{4DDD974F-7D23-4E36-A5EF-07889CBDEEE0}.Debug|x64.ActiveCfg = Debug|Any CPU
		{4DDD974F-7D23-4E36-A5EF-07889CBDEEE0}.Debug|x64.Build.0 = Debug|Any CPU
		{4DDD974F-7D23-4E36-A5EF-07889CBDEEE0}.Debug|x86.ActiveCfg = Debug|Any CPU
		{4DDD974F-7D23-4E36-A5EF-07889CBDEEE0}.Debug|x86.Build.0 = Debug|Any CPU
		{4DDD974F-7D23-4E36-A5EF-07889CBDEEE0}.IntegrationTests|Any CPU.ActiveCfg = IntegrationTests|Any CPU
		{4DDD974F-7D23-4E36-A5EF-07889CBDEEE0}.IntegrationTests|Any CPU.Build.0 = IntegrationTests|Any CPU
		{4DDD974F-7D23-4E36-A5EF-07889CBDEEE0}.IntegrationTests|Mixed Platforms.ActiveCfg = IntegrationTests|Any CPU
		{4DDD974F-7D23-4E36-A5EF-07889CBDEEE0}.IntegrationTests|Mixed Platforms.Build.0 = IntegrationTests|Any CPU
		{4DDD974F-7D23-4E36-A5EF-07889CBDEEE0}.IntegrationTests|x64.ActiveCfg = IntegrationTests|Any CPU
		{4DDD974F-7D23-4E36-A5EF-07889CBDEEE0}.IntegrationTests|x64.Build.0 = IntegrationTests|Any CPU
		{4DDD974F-7D23-4E36-A5EF-07889CBDEEE0}.IntegrationTests|x86.ActiveCfg = IntegrationTests|Any CPU
		{4DDD974F-7D23-4E36-A5EF-07889CBDEEE0}.IntegrationTests|x86.Build.0 = IntegrationTests|Any CPU
		{4DDD974F-7D23-4E36-A5EF-07889CBDEEE0}.QA|Any CPU.ActiveCfg = CableTrackQA|Any CPU
		{4DDD974F-7D23-4E36-A5EF-07889CBDEEE0}.QA|Any CPU.Build.0 = CableTrackQA|Any CPU
		{4DDD974F-7D23-4E36-A5EF-07889CBDEEE0}.QA|Mixed Platforms.ActiveCfg = CableTrackQA|Any CPU
		{4DDD974F-7D23-4E36-A5EF-07889CBDEEE0}.QA|Mixed Platforms.Build.0 = CableTrackQA|Any CPU
		{4DDD974F-7D23-4E36-A5EF-07889CBDEEE0}.QA|x64.ActiveCfg = CableTrackQA|Any CPU
		{4DDD974F-7D23-4E36-A5EF-07889CBDEEE0}.QA|x64.Build.0 = CableTrackQA|Any CPU
		{4DDD974F-7D23-4E36-A5EF-07889CBDEEE0}.QA|x86.ActiveCfg = CableTrackQA|Any CPU
		{4DDD974F-7D23-4E36-A5EF-07889CBDEEE0}.QA|x86.Build.0 = CableTrackQA|Any CPU
		{4DDD974F-7D23-4E36-A5EF-07889CBDEEE0}.QARelease|Any CPU.ActiveCfg = QARelease|Any CPU
		{4DDD974F-7D23-4E36-A5EF-07889CBDEEE0}.QARelease|Any CPU.Build.0 = QARelease|Any CPU
		{4DDD974F-7D23-4E36-A5EF-07889CBDEEE0}.QARelease|Mixed Platforms.ActiveCfg = QARelease|Any CPU
		{4DDD974F-7D23-4E36-A5EF-07889CBDEEE0}.QARelease|Mixed Platforms.Build.0 = QARelease|Any CPU
		{4DDD974F-7D23-4E36-A5EF-07889CBDEEE0}.QARelease|x64.ActiveCfg = QARelease|Any CPU
		{4DDD974F-7D23-4E36-A5EF-07889CBDEEE0}.QARelease|x64.Build.0 = QARelease|Any CPU
		{4DDD974F-7D23-4E36-A5EF-07889CBDEEE0}.QARelease|x86.ActiveCfg = QARelease|Any CPU
		{4DDD974F-7D23-4E36-A5EF-07889CBDEEE0}.QARelease|x86.Build.0 = QARelease|Any CPU
		{4DDD974F-7D23-4E36-A5EF-07889CBDEEE0}.Release|Any CPU.ActiveCfg = Release|Any CPU
		{4DDD974F-7D23-4E36-A5EF-07889CBDEEE0}.Release|Any CPU.Build.0 = Release|Any CPU
		{4DDD974F-7D23-4E36-A5EF-07889CBDEEE0}.Release|Mixed Platforms.ActiveCfg = Release|Any CPU
		{4DDD974F-7D23-4E36-A5EF-07889CBDEEE0}.Release|Mixed Platforms.Build.0 = Release|Any CPU
		{4DDD974F-7D23-4E36-A5EF-07889CBDEEE0}.Release|x64.ActiveCfg = Release|Any CPU
		{4DDD974F-7D23-4E36-A5EF-07889CBDEEE0}.Release|x64.Build.0 = Release|Any CPU
		{4DDD974F-7D23-4E36-A5EF-07889CBDEEE0}.Release|x86.ActiveCfg = Release|Any CPU
		{4DDD974F-7D23-4E36-A5EF-07889CBDEEE0}.Release|x86.Build.0 = Release|Any CPU
		{4DDD974F-7D23-4E36-A5EF-07889CBDEEE0}.ReleaseComposerWebQA|Any CPU.ActiveCfg = ReleaseComposerWebQA|Any CPU
		{4DDD974F-7D23-4E36-A5EF-07889CBDEEE0}.ReleaseComposerWebQA|Any CPU.Build.0 = ReleaseComposerWebQA|Any CPU
		{4DDD974F-7D23-4E36-A5EF-07889CBDEEE0}.ReleaseComposerWebQA|Mixed Platforms.ActiveCfg = ReleaseComposerWebQA|Any CPU
		{4DDD974F-7D23-4E36-A5EF-07889CBDEEE0}.ReleaseComposerWebQA|Mixed Platforms.Build.0 = ReleaseComposerWebQA|Any CPU
		{4DDD974F-7D23-4E36-A5EF-07889CBDEEE0}.ReleaseComposerWebQA|x64.ActiveCfg = ReleaseComposerWebQA|Any CPU
		{4DDD974F-7D23-4E36-A5EF-07889CBDEEE0}.ReleaseComposerWebQA|x64.Build.0 = ReleaseComposerWebQA|Any CPU
		{4DDD974F-7D23-4E36-A5EF-07889CBDEEE0}.ReleaseComposerWebQA|x86.ActiveCfg = ReleaseComposerWebQA|Any CPU
		{4DDD974F-7D23-4E36-A5EF-07889CBDEEE0}.ReleaseComposerWebQA|x86.Build.0 = ReleaseComposerWebQA|Any CPU
		{4DDD974F-7D23-4E36-A5EF-07889CBDEEE0}.ReportingWebQA|Any CPU.ActiveCfg = ReportingWebQA|Any CPU
		{4DDD974F-7D23-4E36-A5EF-07889CBDEEE0}.ReportingWebQA|Any CPU.Build.0 = ReportingWebQA|Any CPU
		{4DDD974F-7D23-4E36-A5EF-07889CBDEEE0}.ReportingWebQA|Mixed Platforms.ActiveCfg = ReportingWebQA|Any CPU
		{4DDD974F-7D23-4E36-A5EF-07889CBDEEE0}.ReportingWebQA|Mixed Platforms.Build.0 = ReportingWebQA|Any CPU
		{4DDD974F-7D23-4E36-A5EF-07889CBDEEE0}.ReportingWebQA|x64.ActiveCfg = ReportingWebQA|Any CPU
		{4DDD974F-7D23-4E36-A5EF-07889CBDEEE0}.ReportingWebQA|x64.Build.0 = ReportingWebQA|Any CPU
		{4DDD974F-7D23-4E36-A5EF-07889CBDEEE0}.ReportingWebQA|x86.ActiveCfg = ReportingWebQA|Any CPU
		{4DDD974F-7D23-4E36-A5EF-07889CBDEEE0}.ReportingWebQA|x86.Build.0 = ReportingWebQA|Any CPU
		{4DDD974F-7D23-4E36-A5EF-07889CBDEEE0}.TrafficComposerWebQA|Any CPU.ActiveCfg = TrafficComposerWebQA|Any CPU
		{4DDD974F-7D23-4E36-A5EF-07889CBDEEE0}.TrafficComposerWebQA|Any CPU.Build.0 = TrafficComposerWebQA|Any CPU
		{4DDD974F-7D23-4E36-A5EF-07889CBDEEE0}.TrafficComposerWebQA|Mixed Platforms.ActiveCfg = TrafficComposerWebQA|Any CPU
		{4DDD974F-7D23-4E36-A5EF-07889CBDEEE0}.TrafficComposerWebQA|Mixed Platforms.Build.0 = TrafficComposerWebQA|Any CPU
		{4DDD974F-7D23-4E36-A5EF-07889CBDEEE0}.TrafficComposerWebQA|x64.ActiveCfg = TrafficComposerWebQA|Any CPU
		{4DDD974F-7D23-4E36-A5EF-07889CBDEEE0}.TrafficComposerWebQA|x64.Build.0 = TrafficComposerWebQA|Any CPU
		{4DDD974F-7D23-4E36-A5EF-07889CBDEEE0}.TrafficComposerWebQA|x86.ActiveCfg = TrafficComposerWebQA|Any CPU
		{4DDD974F-7D23-4E36-A5EF-07889CBDEEE0}.TrafficComposerWebQA|x86.Build.0 = TrafficComposerWebQA|Any CPU
		{7E826421-7DE6-403B-B8AF-F40A51BFB66E}.BroadcastComposerWeb|Any CPU.ActiveCfg = Release|Any CPU
		{7E826421-7DE6-403B-B8AF-F40A51BFB66E}.BroadcastComposerWeb|Any CPU.Build.0 = Release|Any CPU
		{7E826421-7DE6-403B-B8AF-F40A51BFB66E}.BroadcastComposerWeb|Mixed Platforms.ActiveCfg = Release|Any CPU
		{7E826421-7DE6-403B-B8AF-F40A51BFB66E}.BroadcastComposerWeb|Mixed Platforms.Build.0 = Release|Any CPU
		{7E826421-7DE6-403B-B8AF-F40A51BFB66E}.BroadcastComposerWeb|x64.ActiveCfg = Release|Any CPU
		{7E826421-7DE6-403B-B8AF-F40A51BFB66E}.BroadcastComposerWeb|x64.Build.0 = Release|Any CPU
		{7E826421-7DE6-403B-B8AF-F40A51BFB66E}.BroadcastComposerWeb|x86.ActiveCfg = Release|Any CPU
		{7E826421-7DE6-403B-B8AF-F40A51BFB66E}.BroadcastComposerWeb|x86.Build.0 = Release|Any CPU
		{7E826421-7DE6-403B-B8AF-F40A51BFB66E}.CableTrackQA|Any CPU.ActiveCfg = Release|Any CPU
		{7E826421-7DE6-403B-B8AF-F40A51BFB66E}.CableTrackQA|Any CPU.Build.0 = Release|Any CPU
		{7E826421-7DE6-403B-B8AF-F40A51BFB66E}.CableTrackQA|Mixed Platforms.ActiveCfg = Release|Any CPU
		{7E826421-7DE6-403B-B8AF-F40A51BFB66E}.CableTrackQA|Mixed Platforms.Build.0 = Release|Any CPU
		{7E826421-7DE6-403B-B8AF-F40A51BFB66E}.CableTrackQA|x64.ActiveCfg = Release|Any CPU
		{7E826421-7DE6-403B-B8AF-F40A51BFB66E}.CableTrackQA|x64.Build.0 = Release|Any CPU
		{7E826421-7DE6-403B-B8AF-F40A51BFB66E}.CableTrackQA|x86.ActiveCfg = Release|Any CPU
		{7E826421-7DE6-403B-B8AF-F40A51BFB66E}.CableTrackQA|x86.Build.0 = Release|Any CPU
		{7E826421-7DE6-403B-B8AF-F40A51BFB66E}.Debug|Any CPU.ActiveCfg = Debug|Any CPU
		{7E826421-7DE6-403B-B8AF-F40A51BFB66E}.Debug|Any CPU.Build.0 = Debug|Any CPU
		{7E826421-7DE6-403B-B8AF-F40A51BFB66E}.Debug|Mixed Platforms.ActiveCfg = Debug|Any CPU
		{7E826421-7DE6-403B-B8AF-F40A51BFB66E}.Debug|Mixed Platforms.Build.0 = Debug|Any CPU
		{7E826421-7DE6-403B-B8AF-F40A51BFB66E}.Debug|x64.ActiveCfg = Debug|Any CPU
		{7E826421-7DE6-403B-B8AF-F40A51BFB66E}.Debug|x64.Build.0 = Debug|Any CPU
		{7E826421-7DE6-403B-B8AF-F40A51BFB66E}.Debug|x86.ActiveCfg = Debug|Any CPU
		{7E826421-7DE6-403B-B8AF-F40A51BFB66E}.Debug|x86.Build.0 = Debug|Any CPU
		{7E826421-7DE6-403B-B8AF-F40A51BFB66E}.IntegrationTests|Any CPU.ActiveCfg = Release|Any CPU
		{7E826421-7DE6-403B-B8AF-F40A51BFB66E}.IntegrationTests|Any CPU.Build.0 = Release|Any CPU
		{7E826421-7DE6-403B-B8AF-F40A51BFB66E}.IntegrationTests|Mixed Platforms.ActiveCfg = Release|Any CPU
		{7E826421-7DE6-403B-B8AF-F40A51BFB66E}.IntegrationTests|Mixed Platforms.Build.0 = Release|Any CPU
		{7E826421-7DE6-403B-B8AF-F40A51BFB66E}.IntegrationTests|x64.ActiveCfg = Release|Any CPU
		{7E826421-7DE6-403B-B8AF-F40A51BFB66E}.IntegrationTests|x64.Build.0 = Release|Any CPU
		{7E826421-7DE6-403B-B8AF-F40A51BFB66E}.IntegrationTests|x86.ActiveCfg = Release|Any CPU
		{7E826421-7DE6-403B-B8AF-F40A51BFB66E}.IntegrationTests|x86.Build.0 = Release|Any CPU
		{7E826421-7DE6-403B-B8AF-F40A51BFB66E}.QA|Any CPU.ActiveCfg = Release|Any CPU
		{7E826421-7DE6-403B-B8AF-F40A51BFB66E}.QA|Any CPU.Build.0 = Release|Any CPU
		{7E826421-7DE6-403B-B8AF-F40A51BFB66E}.QA|Mixed Platforms.ActiveCfg = Release|Any CPU
		{7E826421-7DE6-403B-B8AF-F40A51BFB66E}.QA|Mixed Platforms.Build.0 = Release|Any CPU
		{7E826421-7DE6-403B-B8AF-F40A51BFB66E}.QA|x64.ActiveCfg = Release|Any CPU
		{7E826421-7DE6-403B-B8AF-F40A51BFB66E}.QA|x64.Build.0 = Release|Any CPU
		{7E826421-7DE6-403B-B8AF-F40A51BFB66E}.QA|x86.ActiveCfg = Release|Any CPU
		{7E826421-7DE6-403B-B8AF-F40A51BFB66E}.QA|x86.Build.0 = Release|Any CPU
		{7E826421-7DE6-403B-B8AF-F40A51BFB66E}.QARelease|Any CPU.ActiveCfg = Release|Any CPU
		{7E826421-7DE6-403B-B8AF-F40A51BFB66E}.QARelease|Any CPU.Build.0 = Release|Any CPU
		{7E826421-7DE6-403B-B8AF-F40A51BFB66E}.QARelease|Mixed Platforms.ActiveCfg = Release|Any CPU
		{7E826421-7DE6-403B-B8AF-F40A51BFB66E}.QARelease|Mixed Platforms.Build.0 = Release|Any CPU
		{7E826421-7DE6-403B-B8AF-F40A51BFB66E}.QARelease|x64.ActiveCfg = Release|Any CPU
		{7E826421-7DE6-403B-B8AF-F40A51BFB66E}.QARelease|x64.Build.0 = Release|Any CPU
		{7E826421-7DE6-403B-B8AF-F40A51BFB66E}.QARelease|x86.ActiveCfg = Release|Any CPU
		{7E826421-7DE6-403B-B8AF-F40A51BFB66E}.QARelease|x86.Build.0 = Release|Any CPU
		{7E826421-7DE6-403B-B8AF-F40A51BFB66E}.Release|Any CPU.ActiveCfg = Release|Any CPU
		{7E826421-7DE6-403B-B8AF-F40A51BFB66E}.Release|Any CPU.Build.0 = Release|Any CPU
		{7E826421-7DE6-403B-B8AF-F40A51BFB66E}.Release|Mixed Platforms.ActiveCfg = Release|Any CPU
		{7E826421-7DE6-403B-B8AF-F40A51BFB66E}.Release|Mixed Platforms.Build.0 = Release|Any CPU
		{7E826421-7DE6-403B-B8AF-F40A51BFB66E}.Release|x64.ActiveCfg = Release|Any CPU
		{7E826421-7DE6-403B-B8AF-F40A51BFB66E}.Release|x64.Build.0 = Release|Any CPU
		{7E826421-7DE6-403B-B8AF-F40A51BFB66E}.Release|x86.ActiveCfg = Release|Any CPU
		{7E826421-7DE6-403B-B8AF-F40A51BFB66E}.Release|x86.Build.0 = Release|Any CPU
		{7E826421-7DE6-403B-B8AF-F40A51BFB66E}.ReleaseComposerWebQA|Any CPU.ActiveCfg = Release|Any CPU
		{7E826421-7DE6-403B-B8AF-F40A51BFB66E}.ReleaseComposerWebQA|Any CPU.Build.0 = Release|Any CPU
		{7E826421-7DE6-403B-B8AF-F40A51BFB66E}.ReleaseComposerWebQA|Mixed Platforms.ActiveCfg = Release|Any CPU
		{7E826421-7DE6-403B-B8AF-F40A51BFB66E}.ReleaseComposerWebQA|Mixed Platforms.Build.0 = Release|Any CPU
		{7E826421-7DE6-403B-B8AF-F40A51BFB66E}.ReleaseComposerWebQA|x64.ActiveCfg = Release|Any CPU
		{7E826421-7DE6-403B-B8AF-F40A51BFB66E}.ReleaseComposerWebQA|x64.Build.0 = Release|Any CPU
		{7E826421-7DE6-403B-B8AF-F40A51BFB66E}.ReleaseComposerWebQA|x86.ActiveCfg = Release|Any CPU
		{7E826421-7DE6-403B-B8AF-F40A51BFB66E}.ReleaseComposerWebQA|x86.Build.0 = Release|Any CPU
		{7E826421-7DE6-403B-B8AF-F40A51BFB66E}.ReportingWebQA|Any CPU.ActiveCfg = Release|Any CPU
		{7E826421-7DE6-403B-B8AF-F40A51BFB66E}.ReportingWebQA|Any CPU.Build.0 = Release|Any CPU
		{7E826421-7DE6-403B-B8AF-F40A51BFB66E}.ReportingWebQA|Mixed Platforms.ActiveCfg = Release|Any CPU
		{7E826421-7DE6-403B-B8AF-F40A51BFB66E}.ReportingWebQA|Mixed Platforms.Build.0 = Release|Any CPU
		{7E826421-7DE6-403B-B8AF-F40A51BFB66E}.ReportingWebQA|x64.ActiveCfg = Release|Any CPU
		{7E826421-7DE6-403B-B8AF-F40A51BFB66E}.ReportingWebQA|x64.Build.0 = Release|Any CPU
		{7E826421-7DE6-403B-B8AF-F40A51BFB66E}.ReportingWebQA|x86.ActiveCfg = Release|Any CPU
		{7E826421-7DE6-403B-B8AF-F40A51BFB66E}.ReportingWebQA|x86.Build.0 = Release|Any CPU
		{7E826421-7DE6-403B-B8AF-F40A51BFB66E}.TrafficComposerWebQA|Any CPU.ActiveCfg = Release|Any CPU
		{7E826421-7DE6-403B-B8AF-F40A51BFB66E}.TrafficComposerWebQA|Any CPU.Build.0 = Release|Any CPU
		{7E826421-7DE6-403B-B8AF-F40A51BFB66E}.TrafficComposerWebQA|Mixed Platforms.ActiveCfg = Release|Any CPU
		{7E826421-7DE6-403B-B8AF-F40A51BFB66E}.TrafficComposerWebQA|Mixed Platforms.Build.0 = Release|Any CPU
		{7E826421-7DE6-403B-B8AF-F40A51BFB66E}.TrafficComposerWebQA|x64.ActiveCfg = Release|Any CPU
		{7E826421-7DE6-403B-B8AF-F40A51BFB66E}.TrafficComposerWebQA|x64.Build.0 = Release|Any CPU
		{7E826421-7DE6-403B-B8AF-F40A51BFB66E}.TrafficComposerWebQA|x86.ActiveCfg = Release|Any CPU
		{7E826421-7DE6-403B-B8AF-F40A51BFB66E}.TrafficComposerWebQA|x86.Build.0 = Release|Any CPU
	EndGlobalSection
	GlobalSection(SolutionProperties) = preSolution
		HideSolutionNode = FALSE
	EndGlobalSection
EndGlobal
