
Microsoft Visual Studio Solution File, Format Version 12.00
# Visual Studio 2013
VisualStudioVersion = 12.0.31101.0
MinimumVisualStudioVersion = 10.0.40219.1
Project("{00D1A9C2-B5F0-4AF3-8072-F6C62B433612}") = "MaestroDB", "MaestroDB\MaestroDB.sqlproj", "{D3055BD4-7F09-49BB-9820-21607424B597}"
EndProject
Global
	GlobalSection(TeamFoundationVersionControl) = preSolution
		SccNumberOfProjects = 2
		SccEnterpriseProvider = {4CA58AB2-18FA-4F8D-95D4-32DDF27D184C}
		SccTeamFoundationServer = http://devvm01tfs:8080/tfs/cmwpa
		SccLocalPath0 = .
		SccProjectUniqueName1 = MaestroDB\\MaestroDB.sqlproj
		SccProjectName1 = MaestroDB
		SccLocalPath1 = MaestroDB
	EndGlobalSection
	GlobalSection(SolutionConfigurationPlatforms) = preSolution
		Debug|Any CPU = Debug|Any CPU
		Release|Any CPU = Release|Any CPU
	EndGlobalSection
	GlobalSection(ProjectConfigurationPlatforms) = postSolution
		{D3055BD4-7F09-49BB-9820-21607424B597}.Debug|Any CPU.ActiveCfg = Debug|Any CPU
		{D3055BD4-7F09-49BB-9820-21607424B597}.Debug|Any CPU.Build.0 = Debug|Any CPU
		{D3055BD4-7F09-49BB-9820-21607424B597}.Debug|Any CPU.Deploy.0 = Debug|Any CPU
		{D3055BD4-7F09-49BB-9820-21607424B597}.Release|Any CPU.ActiveCfg = Release|Any CPU
		{D3055BD4-7F09-49BB-9820-21607424B597}.Release|Any CPU.Build.0 = Release|Any CPU
		{D3055BD4-7F09-49BB-9820-21607424B597}.Release|Any CPU.Deploy.0 = Release|Any CPU
	EndGlobalSection
	GlobalSection(SolutionProperties) = preSolution
		HideSolutionNode = FALSE
	EndGlobalSection
EndGlobal
